
Microsoft Visual Studio Solution File, Format Version 12.00
# Visual Studio Version 17
VisualStudioVersion = 17.0.31903.59
MinimumVisualStudioVersion = 10.0.40219.1
Project("{2150E333-8FDC-42A3-9474-1A3956D46DE8}") = "Frontend", "Frontend", "{02EA681E-C7D8-13C7-8484-4AC65E1B71E8}"
EndProject
Project("{2150E333-8FDC-42A3-9474-1A3956D46DE8}") = "Backend", "Backend", "{F67D56B6-E229-4387-8495-E9FDF3814D15}"
EndProject
Project("{2150E333-8FDC-42A3-9474-1A3956D46DE8}") = "Shared", "Shared", "{BF1F8FF8-05D7-4F83-B745-EA88E9F8544E}"
EndProject
Project("{FAE04EC0-301F-11D3-BF4B-00C04F79EFBC}") = "HyperMsg.Scada.WebApp", "Frontend\HyperMsg.Scada.WebApp\HyperMsg.Scada.WebApp.csproj", "{8A793BA9-039C-4197-8E34-629571D04033}"
EndProject
Project("{FAE04EC0-301F-11D3-BF4B-00C04F79EFBC}") = "HyperMsg.Scada.WebApi", "Backend\HyperMsg.Scada.WebApi\HyperMsg.Scada.WebApi.csproj", "{92CF4712-717D-4BE3-959C-3E1C888A73E2}"
EndProject
Project("{FAE04EC0-301F-11D3-BF4B-00C04F79EFBC}") = "HyperMsg.Scada.Shared", "Shared\HyperMsg.Scada.Shared\HyperMsg.Scada.Shared.csproj", "{77C564D5-6C45-5C40-13C5-8E1B963ACE51}"
EndProject
Project("{FAE04EC0-301F-11D3-BF4B-00C04F79EFBC}") = "HyperMsg.Scada.WebApi.Tests", "Backend\HyperMsg.Scada.WebApi.Tests\HyperMsg.Scada.WebApi.Tests.csproj", "{6C6D9176-D1D0-C7CB-5E53-6C9B3100AFB5}"
EndProject
Project("{FAE04EC0-301F-11D3-BF4B-00C04F79EFBC}") = "HyperMsg.Scada.DataAccess", "Shared\HyperMsg.Scada.DataAccess\HyperMsg.Scada.DataAccess.csproj", "{AD6485AA-71E7-44B2-BB9E-B8E50491C0DF}"
EndProject
Project("{FAE04EC0-301F-11D3-BF4B-00C04F79EFBC}") = "HyperMsg.Scada.WebApi.Http", "HyperMsg.Scada.WebApi.Http\HyperMsg.Scada.WebApi.Http.csproj", "{E6D81C1D-D994-40C7-983C-9262B0D87FAE}"
EndProject
Global
	GlobalSection(SolutionConfigurationPlatforms) = preSolution
		Debug|Any CPU = Debug|Any CPU
		Release|Any CPU = Release|Any CPU
	EndGlobalSection
	GlobalSection(ProjectConfigurationPlatforms) = postSolution
		{8A793BA9-039C-4197-8E34-629571D04033}.Debug|Any CPU.ActiveCfg = Debug|Any CPU
		{8A793BA9-039C-4197-8E34-629571D04033}.Debug|Any CPU.Build.0 = Debug|Any CPU
		{8A793BA9-039C-4197-8E34-629571D04033}.Release|Any CPU.ActiveCfg = Release|Any CPU
		{8A793BA9-039C-4197-8E34-629571D04033}.Release|Any CPU.Build.0 = Release|Any CPU
		{92CF4712-717D-4BE3-959C-3E1C888A73E2}.Debug|Any CPU.ActiveCfg = Debug|Any CPU
		{92CF4712-717D-4BE3-959C-3E1C888A73E2}.Debug|Any CPU.Build.0 = Debug|Any CPU
		{92CF4712-717D-4BE3-959C-3E1C888A73E2}.Release|Any CPU.ActiveCfg = Release|Any CPU
		{92CF4712-717D-4BE3-959C-3E1C888A73E2}.Release|Any CPU.Build.0 = Release|Any CPU
		{77C564D5-6C45-5C40-13C5-8E1B963ACE51}.Debug|Any CPU.ActiveCfg = Debug|Any CPU
		{77C564D5-6C45-5C40-13C5-8E1B963ACE51}.Debug|Any CPU.Build.0 = Debug|Any CPU
		{77C564D5-6C45-5C40-13C5-8E1B963ACE51}.Release|Any CPU.ActiveCfg = Release|Any CPU
		{77C564D5-6C45-5C40-13C5-8E1B963ACE51}.Release|Any CPU.Build.0 = Release|Any CPU
		{6C6D9176-D1D0-C7CB-5E53-6C9B3100AFB5}.Debug|Any CPU.ActiveCfg = Debug|Any CPU
		{6C6D9176-D1D0-C7CB-5E53-6C9B3100AFB5}.Debug|Any CPU.Build.0 = Debug|Any CPU
		{6C6D9176-D1D0-C7CB-5E53-6C9B3100AFB5}.Release|Any CPU.ActiveCfg = Release|Any CPU
		{6C6D9176-D1D0-C7CB-5E53-6C9B3100AFB5}.Release|Any CPU.Build.0 = Release|Any CPU
		{AD6485AA-71E7-44B2-BB9E-B8E50491C0DF}.Debug|Any CPU.ActiveCfg = Debug|Any CPU
		{AD6485AA-71E7-44B2-BB9E-B8E50491C0DF}.Debug|Any CPU.Build.0 = Debug|Any CPU
		{AD6485AA-71E7-44B2-BB9E-B8E50491C0DF}.Release|Any CPU.ActiveCfg = Release|Any CPU
		{AD6485AA-71E7-44B2-BB9E-B8E50491C0DF}.Release|Any CPU.Build.0 = Release|Any CPU
		{E6D81C1D-D994-40C7-983C-9262B0D87FAE}.Debug|Any CPU.ActiveCfg = Debug|Any CPU
		{E6D81C1D-D994-40C7-983C-9262B0D87FAE}.Debug|Any CPU.Build.0 = Debug|Any CPU
		{E6D81C1D-D994-40C7-983C-9262B0D87FAE}.Release|Any CPU.ActiveCfg = Release|Any CPU
		{E6D81C1D-D994-40C7-983C-9262B0D87FAE}.Release|Any CPU.Build.0 = Release|Any CPU
	EndGlobalSection
	GlobalSection(SolutionProperties) = preSolution
		HideSolutionNode = FALSE
	EndGlobalSection
	GlobalSection(NestedProjects) = preSolution
		{8A793BA9-039C-4197-8E34-629571D04033} = {02EA681E-C7D8-13C7-8484-4AC65E1B71E8}
		{92CF4712-717D-4BE3-959C-3E1C888A73E2} = {F67D56B6-E229-4387-8495-E9FDF3814D15}
		{77C564D5-6C45-5C40-13C5-8E1B963ACE51} = {BF1F8FF8-05D7-4F83-B745-EA88E9F8544E}
		{6C6D9176-D1D0-C7CB-5E53-6C9B3100AFB5} = {F67D56B6-E229-4387-8495-E9FDF3814D15}
		{AD6485AA-71E7-44B2-BB9E-B8E50491C0DF} = {BF1F8FF8-05D7-4F83-B745-EA88E9F8544E}
		{E6D81C1D-D994-40C7-983C-9262B0D87FAE} = {F67D56B6-E229-4387-8495-E9FDF3814D15}
	EndGlobalSection
	GlobalSection(ExtensibilityGlobals) = postSolution
		SolutionGuid = {06C5B1BB-D046-48DA-BD81-4CE8DDDA08CF}
	EndGlobalSection
EndGlobal
